
Microsoft Visual Studio Solution File, Format Version 12.00
# Visual Studio Version 17
VisualStudioVersion = 17.12.35707.178 d17.12
MinimumVisualStudioVersion = 10.0.40219.1
Project("{FAE04EC0-301F-11D3-BF4B-00C04F79EFBC}") = "ReaperMod", "ReaperMod.csproj", "{41BA6FA9-39BC-4794-9646-7D17A6BB48A0}"
EndProject
Global
	GlobalSection(SolutionConfigurationPlatforms) = preSolution
		Debug|Any CPU = Debug|Any CPU
		Release|Any CPU = Release|Any CPU
	EndGlobalSection
	GlobalSection(ProjectConfigurationPlatforms) = postSolution
		{41BA6FA9-39BC-4794-9646-7D17A6BB48A0}.Debug|Any CPU.ActiveCfg = Debug|Any CPU
		{41BA6FA9-39BC-4794-9646-7D17A6BB48A0}.Debug|Any CPU.Build.0 = Debug|Any CPU
		{41BA6FA9-39BC-4794-9646-7D17A6BB48A0}.Release|Any CPU.ActiveCfg = Release|Any CPU
		{41BA6FA9-39BC-4794-9646-7D17A6BB48A0}.Release|Any CPU.Build.0 = Release|Any CPU
	EndGlobalSection
	GlobalSection(SolutionProperties) = preSolution
		HideSolutionNode = FALSE
	EndGlobalSection
EndGlobal
